
Microsoft Visual Studio Solution File, Format Version 12.00
# Visual Studio 15
VisualStudioVersion = 15.0.28307.1082
MinimumVisualStudioVersion = 10.0.40219.1
Project("{9A19103F-16F7-4668-BE54-9A1E7A4F7556}") = "BarberAppointmentWebApi", "BarberAppointmentWebApi\BarberAppointmentWebApi.csproj", "{4EBF6C1E-D93F-4F36-B67E-8AC0637E05EB}"
EndProject
Project("{FAE04EC0-301F-11D3-BF4B-00C04F79EFBC}") = "BarberAppointmentIdentity", "BarberAppointmentIdentity\BarberAppointmentIdentity.csproj", "{E23B5D03-6075-43B4-A381-C76EBBCED7E1}"
EndProject
Global
	GlobalSection(SolutionConfigurationPlatforms) = preSolution
		Debug|Any CPU = Debug|Any CPU
		Release|Any CPU = Release|Any CPU
	EndGlobalSection
	GlobalSection(ProjectConfigurationPlatforms) = postSolution
		{4EBF6C1E-D93F-4F36-B67E-8AC0637E05EB}.Debug|Any CPU.ActiveCfg = Debug|Any CPU
		{4EBF6C1E-D93F-4F36-B67E-8AC0637E05EB}.Debug|Any CPU.Build.0 = Debug|Any CPU
		{4EBF6C1E-D93F-4F36-B67E-8AC0637E05EB}.Release|Any CPU.ActiveCfg = Release|Any CPU
		{4EBF6C1E-D93F-4F36-B67E-8AC0637E05EB}.Release|Any CPU.Build.0 = Release|Any CPU
		{E23B5D03-6075-43B4-A381-C76EBBCED7E1}.Debug|Any CPU.ActiveCfg = Debug|Any CPU
		{E23B5D03-6075-43B4-A381-C76EBBCED7E1}.Debug|Any CPU.Build.0 = Debug|Any CPU
		{E23B5D03-6075-43B4-A381-C76EBBCED7E1}.Release|Any CPU.ActiveCfg = Release|Any CPU
		{E23B5D03-6075-43B4-A381-C76EBBCED7E1}.Release|Any CPU.Build.0 = Release|Any CPU
	EndGlobalSection
	GlobalSection(SolutionProperties) = preSolution
		HideSolutionNode = FALSE
	EndGlobalSection
	GlobalSection(ExtensibilityGlobals) = postSolution
		SolutionGuid = {73DDDEA0-383F-4CF4-A20B-EBDE4A992F70}
	EndGlobalSection
EndGlobal
